{
  "name": "degloormart",
  "lockfileVersion": 3,
  "requires": true,
  "packages": {
    "": {
      "dependencies": {
        "@supabase/supabase-js": "^2.95.3"
      }
    },
    "node_modules/@supabase/auth-js": {
      "version": "2.95.3",
      "resolved": "https://registry.npmjs.org/@supabase/auth-js/-/auth-js-2.95.3.tgz",
      "integrity": "sha512-vD2YoS8E2iKIX0F7EwXTmqhUpaNsmbU6X2R0/NdFcs02oEfnHyNP/3M716f3wVJ2E5XHGiTFXki6lRckhJ0Thg==",
      "license": "MIT",
      "dependencies": {
        "tslib": "2.8.1"
      },
      "engines": {
        "node": ">=20.0.0"
      }
    },
    "node_modules/@supabase/functions-js": {
      "version": "2.95.3",
      "resolved": "https://registry.npmjs.org/@supabase/functions-js/-/functions-js-2.95.3.tgz",
      "integrity": "sha512-uTuOAKzs9R/IovW1krO0ZbUHSJnsnyJElTXIRhjJTqymIVGcHzkAYnBCJqd7468Fs/Foz1BQ7Dv6DCl05lr7ig==",
      "license": "MIT",
      "dependencies": {
        "tslib": "2.8.1"
      },
      "engines": {
        "node": ">=20.0.0"
      }
    },
    "node_modules/@supabase/postgrest-js": {
      "version": "2.95.3",
      "resolved": "https://registry.npmjs.org/@supabase/postgrest-js/-/postgrest-js-2.95.3.tgz",
      "integrity": "sha512-LTrRBqU1gOovxRm1vRXPItSMPBmEFqrfTqdPTRtzOILV4jPSueFz6pES5hpb4LRlkFwCPRmv3nQJ5N625V2Xrg==",
      "license": "MIT",
      "dependencies": {
        "tslib": "2.8.1"
      },
      "engines": {
        "node": ">=20.0.0"
      }
    },
    "node_modules/@supabase/realtime-js": {
      "version": "2.95.3",
      "resolved": "https://registry.npmjs.org/@supabase/realtime-js/-/realtime-js-2.95.3.tgz",
      "integrity": "sha512-D7EAtfU3w6BEUxDACjowWNJo/ZRo7sDIuhuOGKHIm9FHieGeoJV5R6GKTLtga/5l/6fDr2u+WcW/m8I9SYmaIw==",
      "license": "MIT",
      "dependencies": {
        "@types/phoenix": "^1.6.6",
        "@types/ws": "^8.18.1",
        "tslib": "2.8.1",
        "ws": "^8.18.2"
      },
      "engines": {
        "node": ">=20.0.0"
      }
    },
    "node_modules/@supabase/storage-js": {
      "version": "2.95.3",
      "resolved": "https://registry.npmjs.org/@supabase/storage-js/-/storage-js-2.95.3.tgz",
      "integrity": "sha512-4GxkJiXI3HHWjxpC3sDx1BVrV87O0hfX+wvJdqGv67KeCu+g44SPnII8y0LL/Wr677jB7tpjAxKdtVWf+xhc9A==",
      "license": "MIT",
      "dependencies": {
        "iceberg-js": "^0.8.1",
        "tslib": "2.8.1"
      },
      "engines": {
        "node": ">=20.0.0"
      }
    },
    "node_modules/@supabase/supabase-js": {
      "version": "2.95.3",
      "resolved": "https://registry.npmjs.org/@supabase/supabase-js/-/supabase-js-2.95.3.tgz",
      "integrity": "sha512-Fukw1cUTQ6xdLiHDJhKKPu6svEPaCEDvThqCne3OaQyZvuq2qjhJAd91kJu3PXLG18aooCgYBaB6qQz35hhABg==",
      "license": "MIT",
      "dependencies": {
        "@supabase/auth-js": "2.95.3",
        "@supabase/functions-js": "2.95.3",
        "@supabase/postgrest-js": "2.95.3",
        "@supabase/realtime-js": "2.95.3",
        "@supabase/storage-js": "2.95.3"
      },
      "engines": {
        "node": ">=20.0.0"
      }
    },
    "node_modules/@types/node": {
      "version": "25.2.3",
      "resolved": "https://registry.npmjs.org/@types/node/-/node-25.2.3.tgz",
      "integrity": "sha512-m0jEgYlYz+mDJZ2+F4v8D1AyQb+QzsNqRuI7xg1VQX/KlKS0qT9r1Mo16yo5F/MtifXFgaofIFsdFMox2SxIbQ==",
      "license": "MIT",
      "dependencies": {
        "undici-types": "~7.16.0"
      }
    },
    "node_modules/@types/phoenix": {
      "version": "1.6.7",
      "resolved": "https://registry.npmjs.org/@types/phoenix/-/phoenix-1.6.7.tgz",
      "integrity": "sha512-oN9ive//QSBkf19rfDv45M7eZPi0eEXylht2OLEXicu5b4KoQ1OzXIw+xDSGWxSxe1JmepRR/ZH283vsu518/Q==",
      "license": "MIT"
    },
    "node_modules/@types/ws": {
      "version": "8.18.1",
      "resolved": "https://registry.npmjs.org/@types/ws/-/ws-8.18.1.tgz",
      "integrity": "sha512-ThVF6DCVhA8kUGy+aazFQ4kXQ7E1Ty7A3ypFOe0IcJV8O/M511G99AW24irKrW56Wt44yG9+ij8FaqoBGkuBXg==",
      "license": "MIT",
      "dependencies": {
        "@types/node": "*"
      }
    },
    "node_modules/iceberg-js": {
      "version": "0.8.1",
      "resolved": "https://registry.npmjs.org/iceberg-js/-/iceberg-js-0.8.1.tgz",
      "integrity": "sha512-1dhVQZXhcHje7798IVM+xoo/1ZdVfzOMIc8/rgVSijRK38EDqOJoGula9N/8ZI5RD8QTxNQtK/Gozpr+qUqRRA==",
      "license": "MIT",
      "engines": {
        "node": ">=20.0.0"
      }
    },
    "node_modules/tslib": {
      "version": "2.8.1",
      "resolved": "https://registry.npmjs.org/tslib/-/tslib-2.8.1.tgz",
      "integrity": "sha512-oJFu94HQb+KVduSUQL7wnpmqnfmLsOA/nAh6b6EH0wCEoK0/mPeXU6c3wKDV83MkOuHPRHtSXKKU99IBazS/2w==",
      "license": "0BSD"
    },
    "node_modules/undici-types": {
      "version": "7.16.0",
      "resolved": "https://registry.npmjs.org/undici-types/-/undici-types-7.16.0.tgz",
      "integrity": "sha512-Zz+aZWSj8LE6zoxD+xrjh4VfkIG8Ya6LvYkZqtUQGJPZjYl53ypCaUwWqo7eI0x66KBGeRo+mlBEkMSeSZ38Nw==",
      "license": "MIT"
    },
    "node_modules/ws": {
      "version": "8.19.0",
      "resolved": "https://registry.npmjs.org/ws/-/ws-8.19.0.tgz",
      "integrity": "sha512-blAT2mjOEIi0ZzruJfIhb3nps74PRWTCz1IjglWEEpQl5XS/UNama6u2/rjFkDDouqr4L67ry+1aGIALViWjDg==",
      "license": "MIT",
      "engines": {
        "node": ">=10.0.0"
      },
      "peerDependencies": {
        "bufferutil": "^4.0.1",
        "utf-8-validate": ">=5.0.2"
      },
      "peerDependenciesMeta": {
        "bufferutil": {
          "optional": true
        },
        "utf-8-validate": {
          "optional": true
        }
      }
    }
  }
}
